#MicroXplorer Configuration settings - do not modify
#Fri Dec 05 20:22:26 EST 2014
CAN.CalculateTimeBit-Master=3000
CAN.CalculateTimeQuantum-Master=1000
CAN.IPParameters=CalculateTimeQuantum-Master,CalculateTimeBit-Master
File.Version=4
KeepUserPlacement=false
Mcu.Family=STM32F0
Mcu.IP0=CAN
Mcu.IP1=NVIC
Mcu.IP2=RCC
Mcu.IP3=USB
Mcu.IP4=USB_DEVICE
Mcu.IPNb=5
Mcu.Name=STM32F042C(4-6)Tx
Mcu.Package=LQFP48
Mcu.Pin0=PF0-OSC_IN
Mcu.Pin1=PF1-OSC_OUT
Mcu.Pin2=PA11
Mcu.Pin3=PA12
Mcu.Pin4=PB8
Mcu.Pin5=PB9
Mcu.Pin6=VP_USB_DEVICE_VS_USB_DEVICE_CDC_FS
Mcu.PinsNb=7
Mcu.UserName=STM32F042C6Tx
MxCube.Version=4.5.0
NVIC.SysTick_IRQn=true\:0\:0\:false
NVIC.USB_IRQn=true\:0\:0\:false
PA11.Mode=Device
PA11.Signal=USB_DM
PA12.Mode=Device
PA12.Signal=USB_DP
PB8.Mode=Master
PB8.Signal=CAN_RX
PB9.Mode=Master
PB9.Signal=CAN_TX
PCC.Family=STM32F0
PCC.MCU=STM32F042C(4-6)Tx
PCC.MXVersion=4.5.0
PCC.PartNumber=STM32F042C6Tx
PCC.Seq0=0
PCC.SubFamily=STM32F0x2
PCC.Temperature=25
PCC.Vdd=3.6
PF0-OSC_IN.Mode=HSE-External-Oscillator
PF0-OSC_IN.Signal=RCC_OSC_IN
PF1-OSC_OUT.Mode=HSE-External-Oscillator
PF1-OSC_OUT.Signal=RCC_OSC_OUT
ProjectManager.AskForMigrate=true
ProjectManager.BackupPrevious=false
ProjectManager.CompilerOptimize=2
ProjectManager.ComputerToolchain=false
ProjectManager.CoupleFile=false
ProjectManager.DeletePrevious=true
ProjectManager.DeviceId=STM32F042C6Tx
ProjectManager.FirmwarePackage=STM32Cube FW_F0 V1.1.0
ProjectManager.FreePins=false
ProjectManager.HalAssertFull=false
ProjectManager.KeepUserCode=true
ProjectManager.LastFirmware=true
ProjectManager.LibraryCopy=0
ProjectManager.ProjectBuild=false
ProjectManager.ProjectFileName=cantact.ioc
ProjectManager.ProjectName=cantact
ProjectManager.TargetToolchain=TrueSTUDIO 4.3.1
RCC.AHBFreq_Value=16000000
RCC.APB1Freq_Value=16000000
RCC.APB1TimFreq_Value=16000000
RCC.CECFreq_Value=32786.88524590164
RCC.FCLKCortexFreq_Value=16000000
RCC.FamilyName=M
RCC.HCLKFreq_Value=16000000
RCC.HSE_VALUE=16000000
RCC.HSICECFreq_Value=32786.88524590164
RCC.HSIState=RCC_HSI_ON
RCC.I2SFreq_Value=16000000
RCC.IPParameters=HSIState,VCOOutput2Freq_Value,PLLMUL,APB1TimFreq_Value,PLLMCOFreq_Value,FamilyName,USBClockSelection,HCLKFreq_Value,I2SFreq_Value,FCLKCortexFreq_Value,USBFreq_Value,HSICECFreq_Value,CECFreq_Value,AHBFreq_Value,TimSysFreq_Value,USART1Freq_Value,SYSCLKFreq_VALUE,SYSCLKSource,MCOFreq_Value,APB1Freq_Value,HSE_VALUE,PLLCLKFreq_Value
RCC.MCOFreq_Value=16000000
RCC.PLLCLKFreq_Value=48000000
RCC.PLLMCOFreq_Value=48000000
RCC.PLLMUL=RCC_PLL_MUL3
RCC.SYSCLKFreq_VALUE=16000000
RCC.SYSCLKSource=RCC_SYSCLKSOURCE_HSE
RCC.TimSysFreq_Value=2000000
RCC.USART1Freq_Value=16000000
RCC.USBClockSelection=RCC_USBCLKSOURCE_PLLCLK
RCC.USBFreq_Value=48000000
RCC.VCOOutput2Freq_Value=16000000
USB_DEVICE.IPParameters=VirtualModeFS,USBD_HandleTypeDef,VirtualMode
USB_DEVICE.USBD_HandleTypeDef=hUsbDeviceFS
USB_DEVICE.VirtualMode=Cdc
USB_DEVICE.VirtualModeFS=Cdc_FS
VP_USB_DEVICE_VS_USB_DEVICE_CDC_FS.Mode=CDC_FS
VP_USB_DEVICE_VS_USB_DEVICE_CDC_FS.Signal=USB_DEVICE_VS_USB_DEVICE_CDC_FS
